
Microsoft Visual Studio Solution File, Format Version 12.00
# Visual Studio Version 17
VisualStudioVersion = 17.0.31903.59
MinimumVisualStudioVersion = 10.0.40219.1
Project("{2150E333-8FDC-42A3-9474-1A3956D46DE8}") = "src", "src", "{827E0CD3-B72D-47B6-A68D-7590B98EB39B}"
EndProject
Project("{FAE04EC0-301F-11D3-BF4B-00C04F79EFBC}") = "MarketDashboard.Core", "src\MarketDashboard.Core\MarketDashboard.Core.csproj", "{E07C6DB1-3555-4782-BD77-D68E8A3BE5B1}"
EndProject
Project("{FAE04EC0-301F-11D3-BF4B-00C04F79EFBC}") = "MarketDashboard.Infrastructure", "src\MarketDashboard.Infrastructure\MarketDashboard.Infrastructure.csproj", "{8E31443A-8826-4432-984B-8522A674BDE5}"
EndProject
Project("{FAE04EC0-301F-11D3-BF4B-00C04F79EFBC}") = "MarketDashboard.Web", "src\MarketDashboard.Web\MarketDashboard.Web.csproj", "{A25041CC-DC04-4255-98A6-8235938E2FFD}"
EndProject
Global
	GlobalSection(SolutionConfigurationPlatforms) = preSolution
		Debug|Any CPU = Debug|Any CPU
		Debug|x64 = Debug|x64
		Debug|x86 = Debug|x86
		Release|Any CPU = Release|Any CPU
		Release|x64 = Release|x64
		Release|x86 = Release|x86
	EndGlobalSection
	GlobalSection(ProjectConfigurationPlatforms) = postSolution
		{E07C6DB1-3555-4782-BD77-D68E8A3BE5B1}.Debug|Any CPU.ActiveCfg = Debug|Any CPU
		{E07C6DB1-3555-4782-BD77-D68E8A3BE5B1}.Debug|Any CPU.Build.0 = Debug|Any CPU
		{E07C6DB1-3555-4782-BD77-D68E8A3BE5B1}.Debug|x64.ActiveCfg = Debug|Any CPU
		{E07C6DB1-3555-4782-BD77-D68E8A3BE5B1}.Debug|x64.Build.0 = Debug|Any CPU
		{E07C6DB1-3555-4782-BD77-D68E8A3BE5B1}.Debug|x86.ActiveCfg = Debug|Any CPU
		{E07C6DB1-3555-4782-BD77-D68E8A3BE5B1}.Debug|x86.Build.0 = Debug|Any CPU
		{E07C6DB1-3555-4782-BD77-D68E8A3BE5B1}.Release|Any CPU.ActiveCfg = Release|Any CPU
		{E07C6DB1-3555-4782-BD77-D68E8A3BE5B1}.Release|Any CPU.Build.0 = Release|Any CPU
		{E07C6DB1-3555-4782-BD77-D68E8A3BE5B1}.Release|x64.ActiveCfg = Release|Any CPU
		{E07C6DB1-3555-4782-BD77-D68E8A3BE5B1}.Release|x64.Build.0 = Release|Any CPU
		{E07C6DB1-3555-4782-BD77-D68E8A3BE5B1}.Release|x86.ActiveCfg = Release|Any CPU
		{E07C6DB1-3555-4782-BD77-D68E8A3BE5B1}.Release|x86.Build.0 = Release|Any CPU
		{8E31443A-8826-4432-984B-8522A674BDE5}.Debug|Any CPU.ActiveCfg = Debug|Any CPU
		{8E31443A-8826-4432-984B-8522A674BDE5}.Debug|Any CPU.Build.0 = Debug|Any CPU
		{8E31443A-8826-4432-984B-8522A674BDE5}.Debug|x64.ActiveCfg = Debug|Any CPU
		{8E31443A-8826-4432-984B-8522A674BDE5}.Debug|x64.Build.0 = Debug|Any CPU
		{8E31443A-8826-4432-984B-8522A674BDE5}.Debug|x86.ActiveCfg = Debug|Any CPU
		{8E31443A-8826-4432-984B-8522A674BDE5}.Debug|x86.Build.0 = Debug|Any CPU
		{8E31443A-8826-4432-984B-8522A674BDE5}.Release|Any CPU.ActiveCfg = Release|Any CPU
		{8E31443A-8826-4432-984B-8522A674BDE5}.Release|Any CPU.Build.0 = Release|Any CPU
		{8E31443A-8826-4432-984B-8522A674BDE5}.Release|x64.ActiveCfg = Release|Any CPU
		{8E31443A-8826-4432-984B-8522A674BDE5}.Release|x64.Build.0 = Release|Any CPU
		{8E31443A-8826-4432-984B-8522A674BDE5}.Release|x86.ActiveCfg = Release|Any CPU
		{8E31443A-8826-4432-984B-8522A674BDE5}.Release|x86.Build.0 = Release|Any CPU
		{A25041CC-DC04-4255-98A6-8235938E2FFD}.Debug|Any CPU.ActiveCfg = Debug|Any CPU
		{A25041CC-DC04-4255-98A6-8235938E2FFD}.Debug|Any CPU.Build.0 = Debug|Any CPU
		{A25041CC-DC04-4255-98A6-8235938E2FFD}.Debug|x64.ActiveCfg = Debug|Any CPU
		{A25041CC-DC04-4255-98A6-8235938E2FFD}.Debug|x64.Build.0 = Debug|Any CPU
		{A25041CC-DC04-4255-98A6-8235938E2FFD}.Debug|x86.ActiveCfg = Debug|Any CPU
		{A25041CC-DC04-4255-98A6-8235938E2FFD}.Debug|x86.Build.0 = Debug|Any CPU
		{A25041CC-DC04-4255-98A6-8235938E2FFD}.Release|Any CPU.ActiveCfg = Release|Any CPU
		{A25041CC-DC04-4255-98A6-8235938E2FFD}.Release|Any CPU.Build.0 = Release|Any CPU
		{A25041CC-DC04-4255-98A6-8235938E2FFD}.Release|x64.ActiveCfg = Release|Any CPU
		{A25041CC-DC04-4255-98A6-8235938E2FFD}.Release|x64.Build.0 = Release|Any CPU
		{A25041CC-DC04-4255-98A6-8235938E2FFD}.Release|x86.ActiveCfg = Release|Any CPU
		{A25041CC-DC04-4255-98A6-8235938E2FFD}.Release|x86.Build.0 = Release|Any CPU
	EndGlobalSection
	GlobalSection(SolutionProperties) = preSolution
		HideSolutionNode = FALSE
	EndGlobalSection
	GlobalSection(NestedProjects) = preSolution
		{E07C6DB1-3555-4782-BD77-D68E8A3BE5B1} = {827E0CD3-B72D-47B6-A68D-7590B98EB39B}
		{8E31443A-8826-4432-984B-8522A674BDE5} = {827E0CD3-B72D-47B6-A68D-7590B98EB39B}
		{A25041CC-DC04-4255-98A6-8235938E2FFD} = {827E0CD3-B72D-47B6-A68D-7590B98EB39B}
	EndGlobalSection
EndGlobal
